
Microsoft Visual Studio Solution File, Format Version 12.00
# Visual Studio 14
VisualStudioVersion = 14.0.24720.0
MinimumVisualStudioVersion = 10.0.40219.1
Project("{FAE04EC0-301F-11D3-BF4B-00C04F79EFBC}") = "ActiveDirectoryUser.Model", "ActiveDirectoryUser.Model\ActiveDirectoryUser.Model.csproj", "{8CD723EF-531A-4307-8597-1F7CC1C7E7C9}"
EndProject
Project("{FAE04EC0-301F-11D3-BF4B-00C04F79EFBC}") = "ActiveDirectoryUser.Core", "ActiveDirectoryUser.Core\ActiveDirectoryUser.Core.csproj", "{B41B4B8E-94FE-4465-88AD-A1C447F86110}"
EndProject
Project("{FAE04EC0-301F-11D3-BF4B-00C04F79EFBC}") = "ActiveDirectoryUser.Cmd", "ActiveDirectoryUser.Cmd\ActiveDirectoryUser.Cmd.csproj", "{9A5455AF-E83A-4425-A368-95BB1B9C9B48}"
EndProject
Project("{FAE04EC0-301F-11D3-BF4B-00C04F79EFBC}") = "ActiveDirectoryUser.Gui", "ActiveDirectoryUser.Gui\ActiveDirectoryUser.Gui.csproj", "{04D9780B-43BE-41DE-9714-85C2CDBCFB08}"
EndProject
Global
	GlobalSection(SolutionConfigurationPlatforms) = preSolution
		Debug|Any CPU = Debug|Any CPU
		Release|Any CPU = Release|Any CPU
	EndGlobalSection
	GlobalSection(ProjectConfigurationPlatforms) = postSolution
		{8CD723EF-531A-4307-8597-1F7CC1C7E7C9}.Debug|Any CPU.ActiveCfg = Debug|Any CPU
		{8CD723EF-531A-4307-8597-1F7CC1C7E7C9}.Debug|Any CPU.Build.0 = Debug|Any CPU
		{8CD723EF-531A-4307-8597-1F7CC1C7E7C9}.Release|Any CPU.ActiveCfg = Release|Any CPU
		{8CD723EF-531A-4307-8597-1F7CC1C7E7C9}.Release|Any CPU.Build.0 = Release|Any CPU
		{B41B4B8E-94FE-4465-88AD-A1C447F86110}.Debug|Any CPU.ActiveCfg = Debug|Any CPU
		{B41B4B8E-94FE-4465-88AD-A1C447F86110}.Debug|Any CPU.Build.0 = Debug|Any CPU
		{B41B4B8E-94FE-4465-88AD-A1C447F86110}.Release|Any CPU.ActiveCfg = Release|Any CPU
		{B41B4B8E-94FE-4465-88AD-A1C447F86110}.Release|Any CPU.Build.0 = Release|Any CPU
		{9A5455AF-E83A-4425-A368-95BB1B9C9B48}.Debug|Any CPU.ActiveCfg = Debug|Any CPU
		{9A5455AF-E83A-4425-A368-95BB1B9C9B48}.Debug|Any CPU.Build.0 = Debug|Any CPU
		{9A5455AF-E83A-4425-A368-95BB1B9C9B48}.Release|Any CPU.ActiveCfg = Release|Any CPU
		{9A5455AF-E83A-4425-A368-95BB1B9C9B48}.Release|Any CPU.Build.0 = Release|Any CPU
		{04D9780B-43BE-41DE-9714-85C2CDBCFB08}.Debug|Any CPU.ActiveCfg = Debug|Any CPU
		{04D9780B-43BE-41DE-9714-85C2CDBCFB08}.Debug|Any CPU.Build.0 = Debug|Any CPU
		{04D9780B-43BE-41DE-9714-85C2CDBCFB08}.Release|Any CPU.ActiveCfg = Release|Any CPU
		{04D9780B-43BE-41DE-9714-85C2CDBCFB08}.Release|Any CPU.Build.0 = Release|Any CPU
	EndGlobalSection
	GlobalSection(SolutionProperties) = preSolution
		HideSolutionNode = FALSE
	EndGlobalSection
EndGlobal
